<?xml version="1.0" encoding="utf-8"?>
<Project ToolsVersion="4.0" xmlns="http://schemas.microsoft.com/developer/msbuild/2003">
  <ItemGroup>
    <Filter Include="Source Files">
      <UniqueIdentifier>{4FC737F1-C7A5-4376-A066-2A32D752A2FF}</UniqueIdentifier>
      <Extensions>cpp;c;cc;cxx;c++;cppm;ixx;def;odl;idl;hpj;bat;asm;asmx</Extensions>
    </Filter>
    <Filter Include="Header Files">
      <UniqueIdentifier>{93995380-89BD-4b04-88EB-625FBE52EBFB}</UniqueIdentifier>
      <Extensions>h;hh;hpp;hxx;h++;hm;inl;inc;ipp;xsd</Extensions>
    </Filter>
    <Filter Include="Resource Files">
      <UniqueIdentifier>{67DA6AB6-F800-4c08-8B7A-83BB121AAD01}</UniqueIdentifier>
      <Extensions>rc;ico;cur;bmp;dlg;rc2;rct;bin;rgs;gif;jpg;jpeg;jpe;resx;tiff;tif;png;wav;mfcribbon-ms</Extensions>
    </Filter>
    <Filter Include="Resource Files\assets">
      <UniqueIdentifier>{57111aaa-a6b9-4231-aca0-43cf837c1513}</UniqueIdentifier>
    </Filter>
    <Filter Include="Resource Files\assets\player-sprites">
      <UniqueIdentifier>{6c22713c-e2a0-4d15-b554-0648cb4647e8}</UniqueIdentifier>
    </Filter>
    <Filter Include="Resource Files\assets\backgrounds">
      <UniqueIdentifier>{e66b2445-c46b-4abb-93dd-92b2d5ff660e}</UniqueIdentifier>
    </Filter>
    <Filter Include="Resource Files\assets\map">
      <UniqueIdentifier>{c704c651-940f-4aa9-94d6-1d08edcea23d}</UniqueIdentifier>
    </Filter>
  </ItemGroup>
  <ItemGroup>
    <ClCompile Include="src\main.cpp">
      <Filter>Source Files</Filter>
    </ClCompile>
    <ClCompile Include="src\WindowManager.cpp">
      <Filter>Source Files</Filter>
    </ClCompile>
    <ClCompile Include="src\Player.cpp">
      <Filter>Source Files</Filter>
    </ClCompile>
    <ClCompile Include="include\entities\Player.h">
      <Filter>Header Files</Filter>
    </ClCompile>
    <ClCompile Include="src\Texture.cpp">
      <Filter>Source Files</Filter>
    </ClCompile>
    <ClCompile Include="include\window\WindowManager.h">
      <Filter>Header Files</Filter>
    </ClCompile>
    <ClCompile Include="src\Tile.cpp">
      <Filter>Source Files</Filter>
    </ClCompile>
    <ClCompile Include="include\CommonFuncs\res_loader_funcs.h">
      <Filter>Source Files</Filter>
    </ClCompile>
    <ClCompile Include="src\res_loader_func.cpp">
      <Filter>Source Files</Filter>
    </ClCompile>
    <ClCompile Include="src\HorizontalZombie.cpp">
      <Filter>Source Files</Filter>
    </ClCompile>
    <ClCompile Include="src\npc_res_loader_funcs.cpp">
      <Filter>Source Files</Filter>
    </ClCompile>
    <ClCompile Include="src\render_player_movement_func.cpp">
      <Filter>Source Files</Filter>
    </ClCompile>
    <ClCompile Include="src\spawner_funcs.cpp">
      <Filter>Header Files</Filter>
    </ClCompile>
    <ClCompile Include="src\collision_funcs.cpp">
      <Filter>Source Files</Filter>
    </ClCompile>
    <ClCompile Include="src\PlayerTrail.cpp">
      <Filter>Source Files</Filter>
    </ClCompile>
    <ClCompile Include="src\KillArea.cpp">
      <Filter>Source Files</Filter>
    </ClCompile>
    <ClCompile Include="src\window_funcs.cpp">
      <Filter>Source Files</Filter>
    </ClCompile>
    <ClCompile Include="src\despawner_funcs.cpp">
      <Filter>Source Files</Filter>
    </ClCompile>
    <ClCompile Include="src\Text.cpp">
      <Filter>Source Files</Filter>
    </ClCompile>
    <ClCompile Include="src\Menu.cpp">
      <Filter>Source Files</Filter>
    </ClCompile>
    <ClCompile Include="src\read_write_files_funcs.cpp">
      <Filter>Source Files</Filter>
    </ClCompile>
    <ClCompile Include="src\VerticalZombie.cpp">
      <Filter>Source Files</Filter>
    </ClCompile>
    <ClCompile Include="src\Ghost.cpp">
      <Filter>Source Files</Filter>
    </ClCompile>
  </ItemGroup>
  <ItemGroup>
    <ClInclude Include="include\Constants\common_constants.h">
      <Filter>Header Files</Filter>
    </ClInclude>
    <ClInclude Include="include\entities\Texture.h">
      <Filter>Header Files</Filter>
    </ClInclude>
    <ClInclude Include="include\entities\Tile.h">
      <Filter>Header Files</Filter>
    </ClInclude>
    <ClInclude Include="include\Enums\moving_enum.h">
      <Filter>Header Files</Filter>
    </ClInclude>
    <ClInclude Include="include\entities\HorizontalZombie.h">
      <Filter>Header Files</Filter>
    </ClInclude>
    <ClInclude Include="include\CommonFuncs\render_player_movement_func.h">
      <Filter>Header Files</Filter>
    </ClInclude>
    <ClInclude Include="include\CommonFuncs\spawner_funcs.h">
      <Filter>Header Files</Filter>
    </ClInclude>
    <ClInclude Include="include\Constants\npc_constants.h">
      <Filter>Header Files</Filter>
    </ClInclude>
    <ClInclude Include="include\CommonFuncs\collision_funcs.h">
      <Filter>Source Files</Filter>
    </ClInclude>
    <ClInclude Include="include\entities\PlayerTrail.h">
      <Filter>Header Files</Filter>
    </ClInclude>
    <ClInclude Include="include\entities\KillArea.h">
      <Filter>Header Files</Filter>
    </ClInclude>
    <ClInclude Include="include\CommonFuncs\window_funcs.h">
      <Filter>Header Files</Filter>
    </ClInclude>
    <ClInclude Include="include\CommonFuncs\despawner_funcs.h">
      <Filter>Source Files</Filter>
    </ClInclude>
    <ClInclude Include="include\CommonFuncs\npc_res_loader_funcs.h">
      <Filter>Source Files</Filter>
    </ClInclude>
    <ClInclude Include="include\score\Text.h">
      <Filter>Header Files</Filter>
    </ClInclude>
    <ClInclude Include="include\CustomStructs\CustomStructs.h">
      <Filter>Source Files</Filter>
    </ClInclude>
    <ClInclude Include="include\entities\Menu.h">
      <Filter>Header Files</Filter>
    </ClInclude>
    <ClInclude Include="include\Enums\menu_enum.h">
      <Filter>Header Files</Filter>
    </ClInclude>
    <ClInclude Include="include\CommonFuncs\read_write_files_funcs.h">
      <Filter>Header Files</Filter>
    </ClInclude>
    <ClInclude Include="include\entities\VerticalZombie.h">
      <Filter>Header Files</Filter>
    </ClInclude>
    <ClInclude Include="include\entities\Ghost.h">
      <Filter>Header Files</Filter>
    </ClInclude>
  </ItemGroup>
  <ItemGroup>
    <Image Include="resources\player-sprites\moving-player.png">
      <Filter>Resource Files\assets\player-sprites</Filter>
    </Image>
    <Image Include="resources\backgrounds\bg.png">
      <Filter>Resource Files\assets\backgrounds</Filter>
    </Image>
    <Image Include="resources\player-sprites\foo.png">
      <Filter>Resource Files\assets\backgrounds</Filter>
    </Image>
    <Image Include="resources\map\tiles.png">
      <Filter>Resource Files\assets\map</Filter>
    </Image>
    <Image Include="resources\player-sprites\walking-down.png">
      <Filter>Resource Files\assets\player-sprites</Filter>
    </Image>
    <Image Include="resources\player-sprites\walking-up.png">
      <Filter>Resource Files\assets\player-sprites</Filter>
    </Image>
    <Image Include="resources\player-sprites\walking-vertical.png">
      <Filter>Resource Files\assets\player-sprites</Filter>
    </Image>
    <Image Include="resources\npc-sprites\horizontal-zombie.png">
      <Filter>Resource Files</Filter>
    </Image>
    <Image Include="resources\map\wall_break_sprites.png">
      <Filter>Resource Files</Filter>
    </Image>
    <Image Include="C:\Users\Hung\Downloads\logo.png">
      <Filter>Resource Files</Filter>
    </Image>
  </ItemGroup>
  <ItemGroup>
    <None Include="resources\map\lazy.map">
      <Filter>Resource Files\assets\map</Filter>
    </None>
    <None Include="resources\map\test.map">
      <Filter>Resource Files\assets\map</Filter>
    </None>
  </ItemGroup>
  <ItemGroup>
    <Media Include="resources\music\main-menu-music.wav">
      <Filter>Resource Files</Filter>
    </Media>
  </ItemGroup>
</Project>